
Microsoft Visual Studio Solution File, Format Version 12.00
# Visual Studio 15
VisualStudioVersion = 15.0.28307.271
MinimumVisualStudioVersion = 10.0.40219.1
Project("{FAE04EC0-301F-11D3-BF4B-00C04F79EFBC}") = "KatmanliMimari.DAL", "KatmanliMimari.DAL\KatmanliMimari.DAL.csproj", "{2EB1FF3C-FCAC-4802-B749-1013170DAA26}"
EndProject
Project("{FAE04EC0-301F-11D3-BF4B-00C04F79EFBC}") = "KatmanliMimari.BLL", "KatmanliMimari.BLL\KatmanliMimari.BLL.csproj", "{160DF701-89D7-444D-A04C-00D0A813309A}"
EndProject
Project("{FAE04EC0-301F-11D3-BF4B-00C04F79EFBC}") = "KatmanliMimari.UI", "KatmanliMimari.UI\KatmanliMimari.UI.csproj", "{5BE9BDF5-5CA7-4463-9360-859F15A9FD5F}"
EndProject
Project("{FAE04EC0-301F-11D3-BF4B-00C04F79EFBC}") = "KatmanliMimari.DTO", "KatmanliMimari.DTO\KatmanliMimari.DTO.csproj", "{990FCF4F-6961-4C98-A753-F44338DB92C2}"
EndProject
Global
	GlobalSection(SolutionConfigurationPlatforms) = preSolution
		Debug|Any CPU = Debug|Any CPU
		Release|Any CPU = Release|Any CPU
	EndGlobalSection
	GlobalSection(ProjectConfigurationPlatforms) = postSolution
		{2EB1FF3C-FCAC-4802-B749-1013170DAA26}.Debug|Any CPU.ActiveCfg = Debug|Any CPU
		{2EB1FF3C-FCAC-4802-B749-1013170DAA26}.Debug|Any CPU.Build.0 = Debug|Any CPU
		{2EB1FF3C-FCAC-4802-B749-1013170DAA26}.Release|Any CPU.ActiveCfg = Release|Any CPU
		{2EB1FF3C-FCAC-4802-B749-1013170DAA26}.Release|Any CPU.Build.0 = Release|Any CPU
		{160DF701-89D7-444D-A04C-00D0A813309A}.Debug|Any CPU.ActiveCfg = Debug|Any CPU
		{160DF701-89D7-444D-A04C-00D0A813309A}.Debug|Any CPU.Build.0 = Debug|Any CPU
		{160DF701-89D7-444D-A04C-00D0A813309A}.Release|Any CPU.ActiveCfg = Release|Any CPU
		{160DF701-89D7-444D-A04C-00D0A813309A}.Release|Any CPU.Build.0 = Release|Any CPU
		{5BE9BDF5-5CA7-4463-9360-859F15A9FD5F}.Debug|Any CPU.ActiveCfg = Debug|Any CPU
		{5BE9BDF5-5CA7-4463-9360-859F15A9FD5F}.Debug|Any CPU.Build.0 = Debug|Any CPU
		{5BE9BDF5-5CA7-4463-9360-859F15A9FD5F}.Release|Any CPU.ActiveCfg = Release|Any CPU
		{5BE9BDF5-5CA7-4463-9360-859F15A9FD5F}.Release|Any CPU.Build.0 = Release|Any CPU
		{990FCF4F-6961-4C98-A753-F44338DB92C2}.Debug|Any CPU.ActiveCfg = Debug|Any CPU
		{990FCF4F-6961-4C98-A753-F44338DB92C2}.Debug|Any CPU.Build.0 = Debug|Any CPU
		{990FCF4F-6961-4C98-A753-F44338DB92C2}.Release|Any CPU.ActiveCfg = Release|Any CPU
		{990FCF4F-6961-4C98-A753-F44338DB92C2}.Release|Any CPU.Build.0 = Release|Any CPU
	EndGlobalSection
	GlobalSection(SolutionProperties) = preSolution
		HideSolutionNode = FALSE
	EndGlobalSection
	GlobalSection(ExtensibilityGlobals) = postSolution
		SolutionGuid = {9393365B-47DD-40E8-909A-9212E7FDAD72}
	EndGlobalSection
EndGlobal
